
Microsoft Visual Studio Solution File, Format Version 12.00
# Visual Studio Version 17
VisualStudioVersion = 17.14.36623.8 d17.14
MinimumVisualStudioVersion = 10.0.40219.1
Project("{FAE04EC0-301F-11D3-BF4B-00C04F79EFBC}") = "NA2FLAC_v2.0_WPF", "NA2FLAC_v2.0_WPF\NA2FLAC_v2.0_WPF.csproj", "{BFC9E306-4DD0-48BB-A09F-B4BE6EA29B1D}"
EndProject
Global
	GlobalSection(SolutionConfigurationPlatforms) = preSolution
		Debug|Any CPU = Debug|Any CPU
		Release|Any CPU = Release|Any CPU
	EndGlobalSection
	GlobalSection(ProjectConfigurationPlatforms) = postSolution
		{BFC9E306-4DD0-48BB-A09F-B4BE6EA29B1D}.Debug|Any CPU.ActiveCfg = Debug|Any CPU
		{BFC9E306-4DD0-48BB-A09F-B4BE6EA29B1D}.Debug|Any CPU.Build.0 = Debug|Any CPU
		{BFC9E306-4DD0-48BB-A09F-B4BE6EA29B1D}.Release|Any CPU.ActiveCfg = Release|Any CPU
		{BFC9E306-4DD0-48BB-A09F-B4BE6EA29B1D}.Release|Any CPU.Build.0 = Release|Any CPU
	EndGlobalSection
	GlobalSection(SolutionProperties) = preSolution
		HideSolutionNode = FALSE
	EndGlobalSection
	GlobalSection(ExtensibilityGlobals) = postSolution
		SolutionGuid = {A09CA149-99E0-429B-A313-1832E5018020}
	EndGlobalSection
EndGlobal
