
Microsoft Visual Studio Solution File, Format Version 12.00
# Visual Studio Version 17
VisualStudioVersion = 17.14.36623.8 d17.14
MinimumVisualStudioVersion = 10.0.40219.1
Project("{FAE04EC0-301F-11D3-BF4B-00C04F79EFBC}") = "NA2FLAC_v2.0_legacy", "NA2FLAC_v2.0_legacy\NA2FLAC_v2.0_legacy.csproj", "{38F19C0A-F860-489E-83D1-196C387BEA58}"
EndProject
Global
	GlobalSection(SolutionConfigurationPlatforms) = preSolution
		Debug|Any CPU = Debug|Any CPU
		Release|Any CPU = Release|Any CPU
	EndGlobalSection
	GlobalSection(ProjectConfigurationPlatforms) = postSolution
		{38F19C0A-F860-489E-83D1-196C387BEA58}.Debug|Any CPU.ActiveCfg = Debug|Any CPU
		{38F19C0A-F860-489E-83D1-196C387BEA58}.Debug|Any CPU.Build.0 = Debug|Any CPU
		{38F19C0A-F860-489E-83D1-196C387BEA58}.Release|Any CPU.ActiveCfg = Release|Any CPU
		{38F19C0A-F860-489E-83D1-196C387BEA58}.Release|Any CPU.Build.0 = Release|Any CPU
	EndGlobalSection
	GlobalSection(SolutionProperties) = preSolution
		HideSolutionNode = FALSE
	EndGlobalSection
	GlobalSection(ExtensibilityGlobals) = postSolution
		SolutionGuid = {BFB2C742-CCD8-4289-80F3-ABD2F0847C45}
	EndGlobalSection
EndGlobal
